
Microsoft Visual Studio Solution File, Format Version 12.00
# Visual Studio Version 16
VisualStudioVersion = 16.0.29215.179
MinimumVisualStudioVersion = 10.0.40219.1
Project("{FAE04EC0-301F-11D3-BF4B-00C04F79EFBC}") = "ism6225_assignment1", "ism6225_assignment1\ism6225_assignment1.csproj", "{BD726DBA-FC9B-4904-A801-14C719AD11FA}"
EndProject
Global
	GlobalSection(SolutionConfigurationPlatforms) = preSolution
		Debug|Any CPU = Debug|Any CPU
		Release|Any CPU = Release|Any CPU
	EndGlobalSection
	GlobalSection(ProjectConfigurationPlatforms) = postSolution
		{BD726DBA-FC9B-4904-A801-14C719AD11FA}.Debug|Any CPU.ActiveCfg = Debug|Any CPU
		{BD726DBA-FC9B-4904-A801-14C719AD11FA}.Debug|Any CPU.Build.0 = Debug|Any CPU
		{BD726DBA-FC9B-4904-A801-14C719AD11FA}.Release|Any CPU.ActiveCfg = Release|Any CPU
		{BD726DBA-FC9B-4904-A801-14C719AD11FA}.Release|Any CPU.Build.0 = Release|Any CPU
	EndGlobalSection
	GlobalSection(SolutionProperties) = preSolution
		HideSolutionNode = FALSE
	EndGlobalSection
	GlobalSection(ExtensibilityGlobals) = postSolution
		SolutionGuid = {7EA6E1EC-56CE-46B2-970B-E30C84B6AD4A}
	EndGlobalSection
EndGlobal
